// !$*UTF8*$!
{
	archiveVersion = 1;
	classes = {
	};
	objectVersion = 56;
	objects = {

/* Begin PBXBuildFile section */
		9F1C04F42BC698440010CE43 /* PlayerDataView.swift in Sources */ = {isa = PBXBuildFile; fileRef = 9F1C04F32BC698440010CE43 /* PlayerDataView.swift */; };
		9F1C04F62BC6B2E70010CE43 /* RatingView.swift in Sources */ = {isa = PBXBuildFile; fileRef = 9F1C04F52BC6B2E70010CE43 /* RatingView.swift */; };
		9F1C04F82BC6C9EE0010CE43 /* StatsView.swift in Sources */ = {isa = PBXBuildFile; fileRef = 9F1C04F72BC6C9ED0010CE43 /* StatsView.swift */; };
		9F30D5262BE254E000323A2D /* Alamofire in Frameworks */ = {isa = PBXBuildFile; productRef = 9F30D5252BE254E000323A2D /* Alamofire */; };
		9F30D5282BE254E000323A2D /* AlamofireDynamic in Frameworks */ = {isa = PBXBuildFile; productRef = 9F30D5272BE254E000323A2D /* AlamofireDynamic */; };
		9F30D52B2BE254EE00323A2D /* SDWebImage in Frameworks */ = {isa = PBXBuildFile; productRef = 9F30D52A2BE254EE00323A2D /* SDWebImage */; };
		9F30D52D2BE254EE00323A2D /* SDWebImageMapKit in Frameworks */ = {isa = PBXBuildFile; productRef = 9F30D52C2BE254EE00323A2D /* SDWebImageMapKit */; };
		9F48B4C72BB5AA7700631BC0 /* PlayersViewController.swift in Sources */ = {isa = PBXBuildFile; fileRef = 9F48B4C62BB5AA7700631BC0 /* PlayersViewController.swift */; };
		9F48B4C92BB5AC1400631BC0 /* PlayerCell.swift in Sources */ = {isa = PBXBuildFile; fileRef = 9F48B4C82BB5AC1400631BC0 /* PlayerCell.swift */; };
		9F48B4CB2BB5B98200631BC0 /* RatePlayerViewController.swift in Sources */ = {isa = PBXBuildFile; fileRef = 9F48B4CA2BB5B98200631BC0 /* RatePlayerViewController.swift */; };
		9F4F4B722C04D51400535BCB /* PlayerImageView.swift in Sources */ = {isa = PBXBuildFile; fileRef = 9F4F4B712C04D51400535BCB /* PlayerImageView.swift */; };
		9F4F59872BC821CE00C152FE /* MastershipView.swift in Sources */ = {isa = PBXBuildFile; fileRef = 9F4F59862BC821CE00C152FE /* MastershipView.swift */; };
		9F4F59892BC825E000C152FE /* MastershipCell.swift in Sources */ = {isa = PBXBuildFile; fileRef = 9F4F59882BC825E000C152FE /* MastershipCell.swift */; };
		9F540B2F2C00B866008CD33D /* VoteHeaderView.swift in Sources */ = {isa = PBXBuildFile; fileRef = 9F540B2E2C00B866008CD33D /* VoteHeaderView.swift */; };
		9F6297062BB30323005F9E77 /* AppDelegate.swift in Sources */ = {isa = PBXBuildFile; fileRef = 9F6297052BB30323005F9E77 /* AppDelegate.swift */; };
		9F6297082BB30323005F9E77 /* SceneDelegate.swift in Sources */ = {isa = PBXBuildFile; fileRef = 9F6297072BB30323005F9E77 /* SceneDelegate.swift */; };
		9F62970A2BB30323005F9E77 /* VoteViewController.swift in Sources */ = {isa = PBXBuildFile; fileRef = 9F6297092BB30323005F9E77 /* VoteViewController.swift */; };
		9F62970F2BB30325005F9E77 /* Assets.xcassets in Resources */ = {isa = PBXBuildFile; fileRef = 9F62970E2BB30325005F9E77 /* Assets.xcassets */; };
		9F6297122BB30325005F9E77 /* LaunchScreen.storyboard in Resources */ = {isa = PBXBuildFile; fileRef = 9F6297102BB30325005F9E77 /* LaunchScreen.storyboard */; };
		9F6A772A2C199D7C00D947E1 /* SuccessViewController.swift in Sources */ = {isa = PBXBuildFile; fileRef = 9F6A77292C199D7C00D947E1 /* SuccessViewController.swift */; };
		9F6FC8DC2BBEB0E100DA3E3F /* APICaller.swift in Sources */ = {isa = PBXBuildFile; fileRef = 9F6FC8DB2BBEB0E100DA3E3F /* APICaller.swift */; };
		9F6FC8DE2BBEB14E00DA3E3F /* HelloResponseModel.swift in Sources */ = {isa = PBXBuildFile; fileRef = 9F6FC8DD2BBEB14E00DA3E3F /* HelloResponseModel.swift */; };
		9F6FC8EA2BBEC8D300DA3E3F /* PollsResponseModel.swift in Sources */ = {isa = PBXBuildFile; fileRef = 9F6FC8E92BBEC8D300DA3E3F /* PollsResponseModel.swift */; };
		9F6FC8EC2BBECE9800DA3E3F /* PollResponseModel.swift in Sources */ = {isa = PBXBuildFile; fileRef = 9F6FC8EB2BBECE9800DA3E3F /* PollResponseModel.swift */; };
		9F6FC8EE2BBED09F00DA3E3F /* PlayerResponseModel.swift in Sources */ = {isa = PBXBuildFile; fileRef = 9F6FC8ED2BBED09F00DA3E3F /* PlayerResponseModel.swift */; };
		9F6FC8F32BC0074A00DA3E3F /* MatchResultsModel.swift in Sources */ = {isa = PBXBuildFile; fileRef = 9F6FC8F22BC0074A00DA3E3F /* MatchResultsModel.swift */; };
		9F6FC8F52BC3E6D900DA3E3F /* PlayerScoresRequestModel.swift in Sources */ = {isa = PBXBuildFile; fileRef = 9F6FC8F42BC3E6D900DA3E3F /* PlayerScoresRequestModel.swift */; };
		9F6FC8F72BC3ECD800DA3E3F /* SimpleResponseModel.swift in Sources */ = {isa = PBXBuildFile; fileRef = 9F6FC8F62BC3ECD800DA3E3F /* SimpleResponseModel.swift */; };
		9F75CA402C10AD8100FCB396 /* SDWebImage in Frameworks */ = {isa = PBXBuildFile; productRef = 9F75CA3F2C10AD8100FCB396 /* SDWebImage */; };
		9F75CA422C10AD8100FCB396 /* SDWebImageMapKit in Frameworks */ = {isa = PBXBuildFile; productRef = 9F75CA412C10AD8100FCB396 /* SDWebImageMapKit */; };
		9F8D99922BB4530400A0BB0A /* VoteCell.swift in Sources */ = {isa = PBXBuildFile; fileRef = 9F8D99912BB4530400A0BB0A /* VoteCell.swift */; };
		9F8D99942BB4536300A0BB0A /* Extensions.swift in Sources */ = {isa = PBXBuildFile; fileRef = 9F8D99932BB4536300A0BB0A /* Extensions.swift */; };
		9F9BFE022BC553EB00E5DA2C /* PlayerDetailsViewController.swift in Sources */ = {isa = PBXBuildFile; fileRef = 9F9BFE012BC553EB00E5DA2C /* PlayerDetailsViewController.swift */; };
/* End PBXBuildFile section */

/* Begin PBXFileReference section */
		9F1C04F32BC698440010CE43 /* PlayerDataView.swift */ = {isa = PBXFileReference; lastKnownFileType = sourcecode.swift; path = PlayerDataView.swift; sourceTree = "<group>"; };
		9F1C04F52BC6B2E70010CE43 /* RatingView.swift */ = {isa = PBXFileReference; lastKnownFileType = sourcecode.swift; path = RatingView.swift; sourceTree = "<group>"; };
		9F1C04F72BC6C9ED0010CE43 /* StatsView.swift */ = {isa = PBXFileReference; lastKnownFileType = sourcecode.swift; path = StatsView.swift; sourceTree = "<group>"; };
		9F48B4C62BB5AA7700631BC0 /* PlayersViewController.swift */ = {isa = PBXFileReference; lastKnownFileType = sourcecode.swift; path = PlayersViewController.swift; sourceTree = "<group>"; };
		9F48B4C82BB5AC1400631BC0 /* PlayerCell.swift */ = {isa = PBXFileReference; lastKnownFileType = sourcecode.swift; path = PlayerCell.swift; sourceTree = "<group>"; };
		9F48B4CA2BB5B98200631BC0 /* RatePlayerViewController.swift */ = {isa = PBXFileReference; lastKnownFileType = sourcecode.swift; path = RatePlayerViewController.swift; sourceTree = "<group>"; };
		9F4F4B712C04D51400535BCB /* PlayerImageView.swift */ = {isa = PBXFileReference; lastKnownFileType = sourcecode.swift; path = PlayerImageView.swift; sourceTree = "<group>"; };
		9F4F59862BC821CE00C152FE /* MastershipView.swift */ = {isa = PBXFileReference; lastKnownFileType = sourcecode.swift; path = MastershipView.swift; sourceTree = "<group>"; };
		9F4F59882BC825E000C152FE /* MastershipCell.swift */ = {isa = PBXFileReference; lastKnownFileType = sourcecode.swift; path = MastershipCell.swift; sourceTree = "<group>"; };
		9F540B2E2C00B866008CD33D /* VoteHeaderView.swift */ = {isa = PBXFileReference; lastKnownFileType = sourcecode.swift; path = VoteHeaderView.swift; sourceTree = "<group>"; };
		9F6297022BB30323005F9E77 /* VotioTest.app */ = {isa = PBXFileReference; explicitFileType = wrapper.application; includeInIndex = 0; path = VotioTest.app; sourceTree = BUILT_PRODUCTS_DIR; };
		9F6297052BB30323005F9E77 /* AppDelegate.swift */ = {isa = PBXFileReference; lastKnownFileType = sourcecode.swift; path = AppDelegate.swift; sourceTree = "<group>"; };
		9F6297072BB30323005F9E77 /* SceneDelegate.swift */ = {isa = PBXFileReference; lastKnownFileType = sourcecode.swift; path = SceneDelegate.swift; sourceTree = "<group>"; };
		9F6297092BB30323005F9E77 /* VoteViewController.swift */ = {isa = PBXFileReference; lastKnownFileType = sourcecode.swift; name = VoteViewController.swift; path = ../VoteViewController.swift; sourceTree = "<group>"; };
		9F62970E2BB30325005F9E77 /* Assets.xcassets */ = {isa = PBXFileReference; lastKnownFileType = folder.assetcatalog; path = Assets.xcassets; sourceTree = "<group>"; };
		9F6297112BB30325005F9E77 /* Base */ = {isa = PBXFileReference; lastKnownFileType = file.storyboard; name = Base; path = Base.lproj/LaunchScreen.storyboard; sourceTree = "<group>"; };
		9F6297132BB30325005F9E77 /* Info.plist */ = {isa = PBXFileReference; lastKnownFileType = text.plist.xml; path = Info.plist; sourceTree = "<group>"; };
		9F6A77292C199D7C00D947E1 /* SuccessViewController.swift */ = {isa = PBXFileReference; lastKnownFileType = sourcecode.swift; path = SuccessViewController.swift; sourceTree = "<group>"; };
		9F6FC8DB2BBEB0E100DA3E3F /* APICaller.swift */ = {isa = PBXFileReference; lastKnownFileType = sourcecode.swift; path = APICaller.swift; sourceTree = "<group>"; };
		9F6FC8DD2BBEB14E00DA3E3F /* HelloResponseModel.swift */ = {isa = PBXFileReference; lastKnownFileType = sourcecode.swift; path = HelloResponseModel.swift; sourceTree = "<group>"; };
		9F6FC8E92BBEC8D300DA3E3F /* PollsResponseModel.swift */ = {isa = PBXFileReference; lastKnownFileType = sourcecode.swift; path = PollsResponseModel.swift; sourceTree = "<group>"; };
		9F6FC8EB2BBECE9800DA3E3F /* PollResponseModel.swift */ = {isa = PBXFileReference; lastKnownFileType = sourcecode.swift; path = PollResponseModel.swift; sourceTree = "<group>"; };
		9F6FC8ED2BBED09F00DA3E3F /* PlayerResponseModel.swift */ = {isa = PBXFileReference; lastKnownFileType = sourcecode.swift; path = PlayerResponseModel.swift; sourceTree = "<group>"; };
		9F6FC8F22BC0074A00DA3E3F /* MatchResultsModel.swift */ = {isa = PBXFileReference; lastKnownFileType = sourcecode.swift; path = MatchResultsModel.swift; sourceTree = "<group>"; };
		9F6FC8F42BC3E6D900DA3E3F /* PlayerScoresRequestModel.swift */ = {isa = PBXFileReference; lastKnownFileType = sourcecode.swift; path = PlayerScoresRequestModel.swift; sourceTree = "<group>"; };
		9F6FC8F62BC3ECD800DA3E3F /* SimpleResponseModel.swift */ = {isa = PBXFileReference; lastKnownFileType = sourcecode.swift; path = SimpleResponseModel.swift; sourceTree = "<group>"; };
		9F8D99912BB4530400A0BB0A /* VoteCell.swift */ = {isa = PBXFileReference; lastKnownFileType = sourcecode.swift; path = VoteCell.swift; sourceTree = "<group>"; };
		9F8D99932BB4536300A0BB0A /* Extensions.swift */ = {isa = PBXFileReference; lastKnownFileType = sourcecode.swift; path = Extensions.swift; sourceTree = "<group>"; };
		9F9BFE012BC553EB00E5DA2C /* PlayerDetailsViewController.swift */ = {isa = PBXFileReference; lastKnownFileType = sourcecode.swift; path = PlayerDetailsViewController.swift; sourceTree = "<group>"; };
/* End PBXFileReference section */

/* Begin PBXFrameworksBuildPhase section */
		9F6296FF2BB30323005F9E77 /* Frameworks */ = {
			isa = PBXFrameworksBuildPhase;
			buildActionMask = 2147483647;
			files = (
				9F30D52B2BE254EE00323A2D /* SDWebImage in Frameworks */,
				9F30D5262BE254E000323A2D /* Alamofire in Frameworks */,
				9F30D52D2BE254EE00323A2D /* SDWebImageMapKit in Frameworks */,
				9F30D5282BE254E000323A2D /* AlamofireDynamic in Frameworks */,
				9F75CA422C10AD8100FCB396 /* SDWebImageMapKit in Frameworks */,
				9F75CA402C10AD8100FCB396 /* SDWebImage in Frameworks */,
			);
			runOnlyForDeploymentPostprocessing = 0;
		};
/* End PBXFrameworksBuildPhase section */

/* Begin PBXGroup section */
		9F1C04F12BC693AA0010CE43 /* Cells */ = {
			isa = PBXGroup;
			children = (
				9F8D99912BB4530400A0BB0A /* VoteCell.swift */,
				9F48B4C82BB5AC1400631BC0 /* PlayerCell.swift */,
				9F4F59882BC825E000C152FE /* MastershipCell.swift */,
			);
			path = Cells;
			sourceTree = "<group>";
		};
		9F1C04F22BC693B90010CE43 /* Views */ = {
			isa = PBXGroup;
			children = (
				9F4F4B712C04D51400535BCB /* PlayerImageView.swift */,
				9F1C04F32BC698440010CE43 /* PlayerDataView.swift */,
				9F1C04F52BC6B2E70010CE43 /* RatingView.swift */,
				9F1C04F72BC6C9ED0010CE43 /* StatsView.swift */,
				9F4F59862BC821CE00C152FE /* MastershipView.swift */,
				9F540B2E2C00B866008CD33D /* VoteHeaderView.swift */,
			);
			path = Views;
			sourceTree = "<group>";
		};
		9F6296F92BB30323005F9E77 = {
			isa = PBXGroup;
			children = (
				9F6297042BB30323005F9E77 /* VotioTest */,
				9F6297032BB30323005F9E77 /* Products */,
			);
			sourceTree = "<group>";
		};
		9F6297032BB30323005F9E77 /* Products */ = {
			isa = PBXGroup;
			children = (
				9F6297022BB30323005F9E77 /* VotioTest.app */,
			);
			name = Products;
			sourceTree = "<group>";
		};
		9F6297042BB30323005F9E77 /* VotioTest */ = {
			isa = PBXGroup;
			children = (
				9F6FC8EF2BBEE12200DA3E3F /* Other */,
				9F6FC8DA2BBEB06900DA3E3F /* Managers */,
				9F6FC8D92BBEB05900DA3E3F /* Models */,
				9F6FC8D82BBEB04A00DA3E3F /* Views */,
				9F6FC8D72BBEB02700DA3E3F /* Controllers */,
				9F6297052BB30323005F9E77 /* AppDelegate.swift */,
				9F6297072BB30323005F9E77 /* SceneDelegate.swift */,
				9F62970E2BB30325005F9E77 /* Assets.xcassets */,
				9F6297102BB30325005F9E77 /* LaunchScreen.storyboard */,
				9F6297132BB30325005F9E77 /* Info.plist */,
			);
			path = VotioTest;
			sourceTree = "<group>";
		};
		9F6FC8D72BBEB02700DA3E3F /* Controllers */ = {
			isa = PBXGroup;
			children = (
				9F6297092BB30323005F9E77 /* VoteViewController.swift */,
				9F48B4C62BB5AA7700631BC0 /* PlayersViewController.swift */,
				9F48B4CA2BB5B98200631BC0 /* RatePlayerViewController.swift */,
				9F9BFE012BC553EB00E5DA2C /* PlayerDetailsViewController.swift */,
				9F6A77292C199D7C00D947E1 /* SuccessViewController.swift */,
			);
			path = Controllers;
			sourceTree = "<group>";
		};
		9F6FC8D82BBEB04A00DA3E3F /* Views */ = {
			isa = PBXGroup;
			children = (
				9F1C04F12BC693AA0010CE43 /* Cells */,
				9F1C04F22BC693B90010CE43 /* Views */,
			);
			path = Views;
			sourceTree = "<group>";
		};
		9F6FC8D92BBEB05900DA3E3F /* Models */ = {
			isa = PBXGroup;
			children = (
				9F6FC8DD2BBEB14E00DA3E3F /* HelloResponseModel.swift */,
				9F6FC8E92BBEC8D300DA3E3F /* PollsResponseModel.swift */,
				9F6FC8EB2BBECE9800DA3E3F /* PollResponseModel.swift */,
				9F6FC8ED2BBED09F00DA3E3F /* PlayerResponseModel.swift */,
				9F6FC8F22BC0074A00DA3E3F /* MatchResultsModel.swift */,
				9F6FC8F42BC3E6D900DA3E3F /* PlayerScoresRequestModel.swift */,
				9F6FC8F62BC3ECD800DA3E3F /* SimpleResponseModel.swift */,
			);
			path = Models;
			sourceTree = "<group>";
		};
		9F6FC8DA2BBEB06900DA3E3F /* Managers */ = {
			isa = PBXGroup;
			children = (
				9F6FC8DB2BBEB0E100DA3E3F /* APICaller.swift */,
			);
			path = Managers;
			sourceTree = "<group>";
		};
		9F6FC8EF2BBEE12200DA3E3F /* Other */ = {
			isa = PBXGroup;
			children = (
				9F8D99932BB4536300A0BB0A /* Extensions.swift */,
			);
			path = Other;
			sourceTree = "<group>";
		};
/* End PBXGroup section */

/* Begin PBXNativeTarget section */
		9F6297012BB30323005F9E77 /* VotioTest */ = {
			isa = PBXNativeTarget;
			buildConfigurationList = 9F6297162BB30325005F9E77 /* Build configuration list for PBXNativeTarget "VotioTest" */;
			buildPhases = (
				9F6296FE2BB30323005F9E77 /* Sources */,
				9F6296FF2BB30323005F9E77 /* Frameworks */,
				9F6297002BB30323005F9E77 /* Resources */,
			);
			buildRules = (
			);
			dependencies = (
			);
			name = VotioTest;
			packageProductDependencies = (
				9F30D5252BE254E000323A2D /* Alamofire */,
				9F30D5272BE254E000323A2D /* AlamofireDynamic */,
				9F30D52A2BE254EE00323A2D /* SDWebImage */,
				9F30D52C2BE254EE00323A2D /* SDWebImageMapKit */,
				9F75CA3F2C10AD8100FCB396 /* SDWebImage */,
				9F75CA412C10AD8100FCB396 /* SDWebImageMapKit */,
			);
			productName = VotioTest;
			productReference = 9F6297022BB30323005F9E77 /* VotioTest.app */;
			productType = "com.apple.product-type.application";
		};
/* End PBXNativeTarget section */

/* Begin PBXProject section */
		9F6296FA2BB30323005F9E77 /* Project object */ = {
			isa = PBXProject;
			attributes = {
				BuildIndependentTargetsInParallel = 1;
				LastSwiftUpdateCheck = 1520;
				LastUpgradeCheck = 1520;
				TargetAttributes = {
					9F6297012BB30323005F9E77 = {
						CreatedOnToolsVersion = 15.2;
					};
				};
			};
			buildConfigurationList = 9F6296FD2BB30323005F9E77 /* Build configuration list for PBXProject "VotioTest" */;
			compatibilityVersion = "Xcode 14.0";
			developmentRegion = en;
			hasScannedForEncodings = 0;
			knownRegions = (
				en,
				Base,
			);
			mainGroup = 9F6296F92BB30323005F9E77;
			packageReferences = (
				9F30D5242BE254E000323A2D /* XCRemoteSwiftPackageReference "Alamofire" */,
				9F30D5292BE254EE00323A2D /* XCRemoteSwiftPackageReference "SDWebImage" */,
			);
			productRefGroup = 9F6297032BB30323005F9E77 /* Products */;
			projectDirPath = "";
			projectRoot = "";
			targets = (
				9F6297012BB30323005F9E77 /* VotioTest */,
			);
		};
/* End PBXProject section */

/* Begin PBXResourcesBuildPhase section */
		9F6297002BB30323005F9E77 /* Resources */ = {
			isa = PBXResourcesBuildPhase;
			buildActionMask = 2147483647;
			files = (
				9F6297122BB30325005F9E77 /* LaunchScreen.storyboard in Resources */,
				9F62970F2BB30325005F9E77 /* Assets.xcassets in Resources */,
			);
			runOnlyForDeploymentPostprocessing = 0;
		};
/* End PBXResourcesBuildPhase section */

/* Begin PBXSourcesBuildPhase section */
		9F6296FE2BB30323005F9E77 /* Sources */ = {
			isa = PBXSourcesBuildPhase;
			buildActionMask = 2147483647;
			files = (
				9F8D99942BB4536300A0BB0A /* Extensions.swift in Sources */,
				9F48B4CB2BB5B98200631BC0 /* RatePlayerViewController.swift in Sources */,
				9F4F59872BC821CE00C152FE /* MastershipView.swift in Sources */,
				9F540B2F2C00B866008CD33D /* VoteHeaderView.swift in Sources */,
				9F62970A2BB30323005F9E77 /* VoteViewController.swift in Sources */,
				9F6FC8DE2BBEB14E00DA3E3F /* HelloResponseModel.swift in Sources */,
				9F6FC8F32BC0074A00DA3E3F /* MatchResultsModel.swift in Sources */,
				9F6FC8EA2BBEC8D300DA3E3F /* PollsResponseModel.swift in Sources */,
				9F9BFE022BC553EB00E5DA2C /* PlayerDetailsViewController.swift in Sources */,
				9F6FC8EE2BBED09F00DA3E3F /* PlayerResponseModel.swift in Sources */,
				9F6FC8EC2BBECE9800DA3E3F /* PollResponseModel.swift in Sources */,
				9F48B4C92BB5AC1400631BC0 /* PlayerCell.swift in Sources */,
				9F6FC8DC2BBEB0E100DA3E3F /* APICaller.swift in Sources */,
				9F6297062BB30323005F9E77 /* AppDelegate.swift in Sources */,
				9F6297082BB30323005F9E77 /* SceneDelegate.swift in Sources */,
				9F1C04F62BC6B2E70010CE43 /* RatingView.swift in Sources */,
				9F4F59892BC825E000C152FE /* MastershipCell.swift in Sources */,
				9F8D99922BB4530400A0BB0A /* VoteCell.swift in Sources */,
				9F6A772A2C199D7C00D947E1 /* SuccessViewController.swift in Sources */,
				9F6FC8F52BC3E6D900DA3E3F /* PlayerScoresRequestModel.swift in Sources */,
				9F4F4B722C04D51400535BCB /* PlayerImageView.swift in Sources */,
				9F1C04F82BC6C9EE0010CE43 /* StatsView.swift in Sources */,
				9F6FC8F72BC3ECD800DA3E3F /* SimpleResponseModel.swift in Sources */,
				9F48B4C72BB5AA7700631BC0 /* PlayersViewController.swift in Sources */,
				9F1C04F42BC698440010CE43 /* PlayerDataView.swift in Sources */,
			);
			runOnlyForDeploymentPostprocessing = 0;
		};
/* End PBXSourcesBuildPhase section */

/* Begin PBXVariantGroup section */
		9F6297102BB30325005F9E77 /* LaunchScreen.storyboard */ = {
			isa = PBXVariantGroup;
			children = (
				9F6297112BB30325005F9E77 /* Base */,
			);
			name = LaunchScreen.storyboard;
			sourceTree = "<group>";
		};
/* End PBXVariantGroup section */

/* Begin XCBuildConfiguration section */
		9F6297142BB30325005F9E77 /* Debug */ = {
			isa = XCBuildConfiguration;
			buildSettings = {
				ALWAYS_SEARCH_USER_PATHS = NO;
				ASSETCATALOG_COMPILER_GENERATE_SWIFT_ASSET_SYMBOL_EXTENSIONS = YES;
				CLANG_ANALYZER_NONNULL = YES;
				CLANG_ANALYZER_NUMBER_OBJECT_CONVERSION = YES_AGGRESSIVE;
				CLANG_CXX_LANGUAGE_STANDARD = "gnu++20";
				CLANG_ENABLE_MODULES = YES;
				CLANG_ENABLE_OBJC_ARC = YES;
				CLANG_ENABLE_OBJC_WEAK = YES;
				CLANG_WARN_BLOCK_CAPTURE_AUTORELEASING = YES;
				CLANG_WARN_BOOL_CONVERSION = YES;
				CLANG_WARN_COMMA = YES;
				CLANG_WARN_CONSTANT_CONVERSION = YES;
				CLANG_WARN_DEPRECATED_OBJC_IMPLEMENTATIONS = YES;
				CLANG_WARN_DIRECT_OBJC_ISA_USAGE = YES_ERROR;
				CLANG_WARN_DOCUMENTATION_COMMENTS = YES;
				CLANG_WARN_EMPTY_BODY = YES;
				CLANG_WARN_ENUM_CONVERSION = YES;
				CLANG_WARN_INFINITE_RECURSION = YES;
				CLANG_WARN_INT_CONVERSION = YES;
				CLANG_WARN_NON_LITERAL_NULL_CONVERSION = YES;
				CLANG_WARN_OBJC_IMPLICIT_RETAIN_SELF = YES;
				CLANG_WARN_OBJC_LITERAL_CONVERSION = YES;
				CLANG_WARN_OBJC_ROOT_CLASS = YES_ERROR;
				CLANG_WARN_QUOTED_INCLUDE_IN_FRAMEWORK_HEADER = YES;
				CLANG_WARN_RANGE_LOOP_ANALYSIS = YES;
				CLANG_WARN_STRICT_PROTOTYPES = YES;
				CLANG_WARN_SUSPICIOUS_MOVE = YES;
				CLANG_WARN_UNGUARDED_AVAILABILITY = YES_AGGRESSIVE;
				CLANG_WARN_UNREACHABLE_CODE = YES;
				CLANG_WARN__DUPLICATE_METHOD_MATCH = YES;
				COPY_PHASE_STRIP = NO;
				DEBUG_INFORMATION_FORMAT = dwarf;
				ENABLE_STRICT_OBJC_MSGSEND = YES;
				ENABLE_TESTABILITY = YES;
				ENABLE_USER_SCRIPT_SANDBOXING = YES;
				GCC_C_LANGUAGE_STANDARD = gnu17;
				GCC_DYNAMIC_NO_PIC = NO;
				GCC_NO_COMMON_BLOCKS = YES;
				GCC_OPTIMIZATION_LEVEL = 0;
				GCC_PREPROCESSOR_DEFINITIONS = (
					"DEBUG=1",
					"$(inherited)",
				);
				GCC_WARN_64_TO_32_BIT_CONVERSION = YES;
				GCC_WARN_ABOUT_RETURN_TYPE = YES_ERROR;
				GCC_WARN_UNDECLARED_SELECTOR = YES;
				GCC_WARN_UNINITIALIZED_AUTOS = YES_AGGRESSIVE;
				GCC_WARN_UNUSED_FUNCTION = YES;
				GCC_WARN_UNUSED_VARIABLE = YES;
				IPHONEOS_DEPLOYMENT_TARGET = 15.0;
				LOCALIZATION_PREFERS_STRING_CATALOGS = YES;
				MTL_ENABLE_DEBUG_INFO = INCLUDE_SOURCE;
				MTL_FAST_MATH = YES;
				ONLY_ACTIVE_ARCH = YES;
				SDKROOT = iphoneos;
				SWIFT_ACTIVE_COMPILATION_CONDITIONS = "DEBUG $(inherited)";
				SWIFT_OPTIMIZATION_LEVEL = "-Onone";
			};
			name = Debug;
		};
		9F6297152BB30325005F9E77 /* Release */ = {
			isa = XCBuildConfiguration;
			buildSettings = {
				ALWAYS_SEARCH_USER_PATHS = NO;
				ASSETCATALOG_COMPILER_GENERATE_SWIFT_ASSET_SYMBOL_EXTENSIONS = YES;
				CLANG_ANALYZER_NONNULL = YES;
				CLANG_ANALYZER_NUMBER_OBJECT_CONVERSION = YES_AGGRESSIVE;
				CLANG_CXX_LANGUAGE_STANDARD = "gnu++20";
				CLANG_ENABLE_MODULES = YES;
				CLANG_ENABLE_OBJC_ARC = YES;
				CLANG_ENABLE_OBJC_WEAK = YES;
				CLANG_WARN_BLOCK_CAPTURE_AUTORELEASING = YES;
				CLANG_WARN_BOOL_CONVERSION = YES;
				CLANG_WARN_COMMA = YES;
				CLANG_WARN_CONSTANT_CONVERSION = YES;
				CLANG_WARN_DEPRECATED_OBJC_IMPLEMENTATIONS = YES;
				CLANG_WARN_DIRECT_OBJC_ISA_USAGE = YES_ERROR;
				CLANG_WARN_DOCUMENTATION_COMMENTS = YES;
				CLANG_WARN_EMPTY_BODY = YES;
				CLANG_WARN_ENUM_CONVERSION = YES;
				CLANG_WARN_INFINITE_RECURSION = YES;
				CLANG_WARN_INT_CONVERSION = YES;
				CLANG_WARN_NON_LITERAL_NULL_CONVERSION = YES;
				CLANG_WARN_OBJC_IMPLICIT_RETAIN_SELF = YES;
				CLANG_WARN_OBJC_LITERAL_CONVERSION = YES;
				CLANG_WARN_OBJC_ROOT_CLASS = YES_ERROR;
				CLANG_WARN_QUOTED_INCLUDE_IN_FRAMEWORK_HEADER = YES;
				CLANG_WARN_RANGE_LOOP_ANALYSIS = YES;
				CLANG_WARN_STRICT_PROTOTYPES = YES;
				CLANG_WARN_SUSPICIOUS_MOVE = YES;
				CLANG_WARN_UNGUARDED_AVAILABILITY = YES_AGGRESSIVE;
				CLANG_WARN_UNREACHABLE_CODE = YES;
				CLANG_WARN__DUPLICATE_METHOD_MATCH = YES;
				COPY_PHASE_STRIP = NO;
				DEBUG_INFORMATION_FORMAT = "dwarf-with-dsym";
				ENABLE_NS_ASSERTIONS = NO;
				ENABLE_STRICT_OBJC_MSGSEND = YES;
				ENABLE_USER_SCRIPT_SANDBOXING = YES;
				GCC_C_LANGUAGE_STANDARD = gnu17;
				GCC_NO_COMMON_BLOCKS = YES;
				GCC_WARN_64_TO_32_BIT_CONVERSION = YES;
				GCC_WARN_ABOUT_RETURN_TYPE = YES_ERROR;
				GCC_WARN_UNDECLARED_SELECTOR = YES;
				GCC_WARN_UNINITIALIZED_AUTOS = YES_AGGRESSIVE;
				GCC_WARN_UNUSED_FUNCTION = YES;
				GCC_WARN_UNUSED_VARIABLE = YES;
				IPHONEOS_DEPLOYMENT_TARGET = 15.0;
				LOCALIZATION_PREFERS_STRING_CATALOGS = YES;
				MTL_ENABLE_DEBUG_INFO = NO;
				MTL_FAST_MATH = YES;
				SDKROOT = iphoneos;
				SWIFT_COMPILATION_MODE = wholemodule;
				VALIDATE_PRODUCT = YES;
			};
			name = Release;
		};
		9F6297172BB30325005F9E77 /* Debug */ = {
			isa = XCBuildConfiguration;
			buildSettings = {
				ASSETCATALOG_COMPILER_APPICON_NAME = AppIcon;
				ASSETCATALOG_COMPILER_GLOBAL_ACCENT_COLOR_NAME = AccentColor;
				CODE_SIGN_STYLE = Automatic;
				CURRENT_PROJECT_VERSION = 1;
				DEVELOPMENT_TEAM = M5S2899J9B;
				GENERATE_INFOPLIST_FILE = YES;
				INFOPLIST_FILE = VotioTest/Info.plist;
				INFOPLIST_KEY_UIApplicationSupportsIndirectInputEvents = YES;
				INFOPLIST_KEY_UILaunchStoryboardName = LaunchScreen;
				INFOPLIST_KEY_UISupportedInterfaceOrientations = UIInterfaceOrientationPortrait;
				INFOPLIST_KEY_UISupportedInterfaceOrientations_iPad = "UIInterfaceOrientationLandscapeLeft UIInterfaceOrientationLandscapeRight UIInterfaceOrientationPortrait UIInterfaceOrientationPortraitUpsideDown";
				IPHONEOS_DEPLOYMENT_TARGET = 15.0;
				LD_RUNPATH_SEARCH_PATHS = (
					"$(inherited)",
					"@executable_path/Frameworks",
				);
				MARKETING_VERSION = 1.0;
				PRODUCT_BUNDLE_IDENTIFIER = wwwwwopq8e90d8cg.VotioTest;
				PRODUCT_NAME = "$(TARGET_NAME)";
				SUPPORTED_PLATFORMS = "iphoneos iphonesimulator";
				SUPPORTS_MACCATALYST = NO;
				SUPPORTS_MAC_DESIGNED_FOR_IPHONE_IPAD = NO;
				SUPPORTS_XR_DESIGNED_FOR_IPHONE_IPAD = NO;
				SWIFT_EMIT_LOC_STRINGS = YES;
				SWIFT_VERSION = 5.0;
				TARGETED_DEVICE_FAMILY = 1;
			};
			name = Debug;
		};
		9F6297182BB30325005F9E77 /* Release */ = {
			isa = XCBuildConfiguration;
			buildSettings = {
				ASSETCATALOG_COMPILER_APPICON_NAME = AppIcon;
				ASSETCATALOG_COMPILER_GLOBAL_ACCENT_COLOR_NAME = AccentColor;
				CODE_SIGN_STYLE = Automatic;
				CURRENT_PROJECT_VERSION = 1;
				DEVELOPMENT_TEAM = M5S2899J9B;
				GENERATE_INFOPLIST_FILE = YES;
				INFOPLIST_FILE = VotioTest/Info.plist;
				INFOPLIST_KEY_UIApplicationSupportsIndirectInputEvents = YES;
				INFOPLIST_KEY_UILaunchStoryboardName = LaunchScreen;
				INFOPLIST_KEY_UISupportedInterfaceOrientations = UIInterfaceOrientationPortrait;
				INFOPLIST_KEY_UISupportedInterfaceOrientations_iPad = "UIInterfaceOrientationLandscapeLeft UIInterfaceOrientationLandscapeRight UIInterfaceOrientationPortrait UIInterfaceOrientationPortraitUpsideDown";
				IPHONEOS_DEPLOYMENT_TARGET = 15.0;
				LD_RUNPATH_SEARCH_PATHS = (
					"$(inherited)",
					"@executable_path/Frameworks",
				);
				MARKETING_VERSION = 1.0;
				PRODUCT_BUNDLE_IDENTIFIER = wwwwwopq8e90d8cg.VotioTest;
				PRODUCT_NAME = "$(TARGET_NAME)";
				SUPPORTED_PLATFORMS = "iphoneos iphonesimulator";
				SUPPORTS_MACCATALYST = NO;
				SUPPORTS_MAC_DESIGNED_FOR_IPHONE_IPAD = NO;
				SUPPORTS_XR_DESIGNED_FOR_IPHONE_IPAD = NO;
				SWIFT_EMIT_LOC_STRINGS = YES;
				SWIFT_VERSION = 5.0;
				TARGETED_DEVICE_FAMILY = 1;
			};
			name = Release;
		};
/* End XCBuildConfiguration section */

/* Begin XCConfigurationList section */
		9F6296FD2BB30323005F9E77 /* Build configuration list for PBXProject "VotioTest" */ = {
			isa = XCConfigurationList;
			buildConfigurations = (
				9F6297142BB30325005F9E77 /* Debug */,
				9F6297152BB30325005F9E77 /* Release */,
			);
			defaultConfigurationIsVisible = 0;
			defaultConfigurationName = Debug;
		};
		9F6297162BB30325005F9E77 /* Build configuration list for PBXNativeTarget "VotioTest" */ = {
			isa = XCConfigurationList;
			buildConfigurations = (
				9F6297172BB30325005F9E77 /* Debug */,
				9F6297182BB30325005F9E77 /* Release */,
			);
			defaultConfigurationIsVisible = 0;
			defaultConfigurationName = Debug;
		};
/* End XCConfigurationList section */

/* Begin XCRemoteSwiftPackageReference section */
		9F30D5242BE254E000323A2D /* XCRemoteSwiftPackageReference "Alamofire" */ = {
			isa = XCRemoteSwiftPackageReference;
			repositoryURL = "https://github.com/Alamofire/Alamofire.git";
			requirement = {
				kind = upToNextMajorVersion;
				minimumVersion = 5.9.1;
			};
		};
		9F30D5292BE254EE00323A2D /* XCRemoteSwiftPackageReference "SDWebImage" */ = {
			isa = XCRemoteSwiftPackageReference;
			repositoryURL = "https://github.com/SDWebImage/SDWebImage.git";
			requirement = {
				kind = upToNextMajorVersion;
				minimumVersion = 5.19.1;
			};
		};
/* End XCRemoteSwiftPackageReference section */

/* Begin XCSwiftPackageProductDependency section */
		9F30D5252BE254E000323A2D /* Alamofire */ = {
			isa = XCSwiftPackageProductDependency;
			package = 9F30D5242BE254E000323A2D /* XCRemoteSwiftPackageReference "Alamofire" */;
			productName = Alamofire;
		};
		9F30D5272BE254E000323A2D /* AlamofireDynamic */ = {
			isa = XCSwiftPackageProductDependency;
			package = 9F30D5242BE254E000323A2D /* XCRemoteSwiftPackageReference "Alamofire" */;
			productName = AlamofireDynamic;
		};
		9F30D52A2BE254EE00323A2D /* SDWebImage */ = {
			isa = XCSwiftPackageProductDependency;
			package = 9F30D5292BE254EE00323A2D /* XCRemoteSwiftPackageReference "SDWebImage" */;
			productName = SDWebImage;
		};
		9F30D52C2BE254EE00323A2D /* SDWebImageMapKit */ = {
			isa = XCSwiftPackageProductDependency;
			package = 9F30D5292BE254EE00323A2D /* XCRemoteSwiftPackageReference "SDWebImage" */;
			productName = SDWebImageMapKit;
		};
		9F75CA3F2C10AD8100FCB396 /* SDWebImage */ = {
			isa = XCSwiftPackageProductDependency;
			package = 9F30D5292BE254EE00323A2D /* XCRemoteSwiftPackageReference "SDWebImage" */;
			productName = SDWebImage;
		};
		9F75CA412C10AD8100FCB396 /* SDWebImageMapKit */ = {
			isa = XCSwiftPackageProductDependency;
			package = 9F30D5292BE254EE00323A2D /* XCRemoteSwiftPackageReference "SDWebImage" */;
			productName = SDWebImageMapKit;
		};
/* End XCSwiftPackageProductDependency section */
	};
	rootObject = 9F6296FA2BB30323005F9E77 /* Project object */;
}
